// !$*UTF8*$!
{
	archiveVersion = 1;
	classes = {
	};
	objectVersion = 46;
	objects = {

/* Begin PBXBuildFile section */
		4F65BBC11E6C749C0020C6C3 /* AppDelegate.swift in Sources */ = {isa = PBXBuildFile; fileRef = 4F65BBC01E6C749C0020C6C3 /* AppDelegate.swift */; };
		4F65BBC31E6C749C0020C6C3 /* ViewController.swift in Sources */ = {isa = PBXBuildFile; fileRef = 4F65BBC21E6C749C0020C6C3 /* ViewController.swift */; };
		4F65BBC61E6C749C0020C6C3 /* Main.storyboard in Resources */ = {isa = PBXBuildFile; fileRef = 4F65BBC41E6C749C0020C6C3 /* Main.storyboard */; };
		4F65BBC81E6C749C0020C6C3 /* Assets.xcassets in Resources */ = {isa = PBXBuildFile; fileRef = 4F65BBC71E6C749C0020C6C3 /* Assets.xcassets */; };
		4F65BBCB1E6C749C0020C6C3 /* LaunchScreen.storyboard in Resources */ = {isa = PBXBuildFile; fileRef = 4F65BBC91E6C749C0020C6C3 /* LaunchScreen.storyboard */; };
/* End PBXBuildFile section */

/* Begin PBXFileReference section */
		4F65BBBD1E6C749C0020C6C3 /* scroll-view.app */ = {isa = PBXFileReference; explicitFileType = wrapper.application; includeInIndex = 0; path = "scroll-view.app"; sourceTree = BUILT_PRODUCTS_DIR; };
		4F65BBC01E6C749C0020C6C3 /* AppDelegate.swift */ = {isa = PBXFileReference; lastKnownFileType = sourcecode.swift; path = AppDelegate.swift; sourceTree = "<group>"; };
		4F65BBC21E6C749C0020C6C3 /* ViewController.swift */ = {isa = PBXFileReference; lastKnownFileType = sourcecode.swift; path = ViewController.swift; sourceTree = "<group>"; };
		4F65BBC51E6C749C0020C6C3 /* Base */ = {isa = PBXFileReference; lastKnownFileType = file.storyboard; name = Base; path = Base.lproj/Main.storyboard; sourceTree = "<group>"; };
		4F65BBC71E6C749C0020C6C3 /* Assets.xcassets */ = {isa = PBXFileReference; lastKnownFileType = folder.assetcatalog; path = Assets.xcassets; sourceTree = "<group>"; };
		4F65BBCA1E6C749C0020C6C3 /* Base */ = {isa = PBXFileReference; lastKnownFileType = file.storyboard; name = Base; path = Base.lproj/LaunchScreen.storyboard; sourceTree = "<group>"; };
		4F65BBCC1E6C749C0020C6C3 /* Info.plist */ = {isa = PBXFileReference; lastKnownFileType = text.plist.xml; path = Info.plist; sourceTree = "<group>"; };
/* End PBXFileReference section */

/* Begin PBXFrameworksBuildPhase section */
		4F65BBBA1E6C749C0020C6C3 /* Frameworks */ = {
			isa = PBXFrameworksBuildPhase;
			buildActionMask = 2147483647;
			files = (
			);
			runOnlyForDeploymentPostprocessing = 0;
		};
/* End PBXFrameworksBuildPhase section */

/* Begin PBXGroup section */
		4F65BBB41E6C749C0020C6C3 = {
			isa = PBXGroup;
			children = (
				4F65BBBF1E6C749C0020C6C3 /* scroll-view */,
				4F65BBBE1E6C749C0020C6C3 /* Products */,
			);
			sourceTree = "<group>";
		};
		4F65BBBE1E6C749C0020C6C3 /* Products */ = {
			isa = PBXGroup;
			children = (
				4F65BBBD1E6C749C0020C6C3 /* scroll-view.app */,
			);
			name = Products;
			sourceTree = "<group>";
		};
		4F65BBBF1E6C749C0020C6C3 /* scroll-view */ = {
			isa = PBXGroup;
			children = (
				4F65BBC01E6C749C0020C6C3 /* AppDelegate.swift */,
				4F65BBC21E6C749C0020C6C3 /* ViewController.swift */,
				4F65BBC41E6C749C0020C6C3 /* Main.storyboard */,
				4F65BBC71E6C749C0020C6C3 /* Assets.xcassets */,
				4F65BBC91E6C749C0020C6C3 /* LaunchScreen.storyboard */,
				4F65BBCC1E6C749C0020C6C3 /* Info.plist */,
			);
			path = "scroll-view";
			sourceTree = "<group>";
		};
/* End PBXGroup section */

/* Begin PBXNativeTarget section */
		4F65BBBC1E6C749C0020C6C3 /* scroll-view */ = {
			isa = PBXNativeTarget;
			buildConfigurationList = 4F65BBCF1E6C749C0020C6C3 /* Build configuration list for PBXNativeTarget "scroll-view" */;
			buildPhases = (
				4F65BBB91E6C749C0020C6C3 /* Sources */,
				4F65BBBA1E6C749C0020C6C3 /* Frameworks */,
				4F65BBBB1E6C749C0020C6C3 /* Resources */,
			);
			buildRules = (
			);
			dependencies = (
			);
			name = "scroll-view";
			productName = "scroll-view";
			productReference = 4F65BBBD1E6C749C0020C6C3 /* scroll-view.app */;
			productType = "com.apple.product-type.application";
		};
/* End PBXNativeTarget section */

/* Begin PBXProject section */
		4F65BBB51E6C749C0020C6C3 /* Project object */ = {
			isa = PBXProject;
			attributes = {
				LastSwiftUpdateCheck = 0820;
				LastUpgradeCheck = 0820;
				ORGANIZATIONNAME = "Paul Defilippi";
				TargetAttributes = {
					4F65BBBC1E6C749C0020C6C3 = {
						CreatedOnToolsVersion = 8.2.1;
						DevelopmentTeam = 963UXK3MCT;
						ProvisioningStyle = Automatic;
					};
				};
			};
			buildConfigurationList = 4F65BBB81E6C749C0020C6C3 /* Build configuration list for PBXProject "scroll-view" */;
			compatibilityVersion = "Xcode 3.2";
			developmentRegion = English;
			hasScannedForEncodings = 0;
			knownRegions = (
				en,
				Base,
			);
			mainGroup = 4F65BBB41E6C749C0020C6C3;
			productRefGroup = 4F65BBBE1E6C749C0020C6C3 /* Products */;
			projectDirPath = "";
			projectRoot = "";
			targets = (
				4F65BBBC1E6C749C0020C6C3 /* scroll-view */,
			);
		};
/* End PBXProject section */

/* Begin PBXResourcesBuildPhase section */
		4F65BBBB1E6C749C0020C6C3 /* Resources */ = {
			isa = PBXResourcesBuildPhase;
			buildActionMask = 2147483647;
			files = (
				4F65BBCB1E6C749C0020C6C3 /* LaunchScreen.storyboard in Resources */,
				4F65BBC81E6C749C0020C6C3 /* Assets.xcassets in Resources */,
				4F65BBC61E6C749C0020C6C3 /* Main.storyboard in Resources */,
			);
			runOnlyForDeploymentPostprocessing = 0;
		};
/* End PBXResourcesBuildPhase section */

/* Begin PBXSourcesBuildPhase section */
		4F65BBB91E6C749C0020C6C3 /* Sources */ = {
			isa = PBXSourcesBuildPhase;
			buildActionMask = 2147483647;
			files = (
				4F65BBC31E6C749C0020C6C3 /* ViewController.swift in Sources */,
				4F65BBC11E6C749C0020C6C3 /* AppDelegate.swift in Sources */,
			);
			runOnlyForDeploymentPostprocessing = 0;
		};
/* End PBXSourcesBuildPhase section */

/* Begin PBXVariantGroup section */
		4F65BBC41E6C749C0020C6C3 /* Main.storyboard */ = {
			isa = PBXVariantGroup;
			children = (
				4F65BBC51E6C749C0020C6C3 /* Base */,
			);
			name = Main.storyboard;
			sourceTree = "<group>";
		};
		4F65BBC91E6C749C0020C6C3 /* LaunchScreen.storyboard */ = {
			isa = PBXVariantGroup;
			children = (
				4F65BBCA1E6C749C0020C6C3 /* Base */,
			);
			name = LaunchScreen.storyboard;
			sourceTree = "<group>";
		};
/* End PBXVariantGroup section */

/* Begin XCBuildConfiguration section */
		4F65BBCD1E6C749C0020C6C3 /* Debug */ = {
			isa = XCBuildConfiguration;
			buildSettings = {
				ALWAYS_SEARCH_USER_PATHS = NO;
				CLANG_ANALYZER_NONNULL = YES;
				CLANG_CXX_LANGUAGE_STANDARD = "gnu++0x";
				CLANG_CXX_LIBRARY = "libc++";
				CLANG_ENABLE_MODULES = YES;
				CLANG_ENABLE_OBJC_ARC = YES;
				CLANG_WARN_BOOL_CONVERSION = YES;
				CLANG_WARN_CONSTANT_CONVERSION = YES;
				CLANG_WARN_DIRECT_OBJC_ISA_USAGE = YES_ERROR;
				CLANG_WARN_DOCUMENTATION_COMMENTS = YES;
				CLANG_WARN_EMPTY_BODY = YES;
				CLANG_WARN_ENUM_CONVERSION = YES;
				CLANG_WARN_INFINITE_RECURSION = YES;
				CLANG_WARN_INT_CONVERSION = YES;
				CLANG_WARN_OBJC_ROOT_CLASS = YES_ERROR;
				CLANG_WARN_SUSPICIOUS_MOVE = YES;
				CLANG_WARN_UNREACHABLE_CODE = YES;
				CLANG_WARN__DUPLICATE_METHOD_MATCH = YES;
				"CODE_SIGN_IDENTITY[sdk=iphoneos*]" = "iPhone Developer";
				COPY_PHASE_STRIP = NO;
				DEBUG_INFORMATION_FORMAT = dwarf;
				ENABLE_STRICT_OBJC_MSGSEND = YES;
				ENABLE_TESTABILITY = YES;
				GCC_C_LANGUAGE_STANDARD = gnu99;
				GCC_DYNAMIC_NO_PIC = NO;
				GCC_NO_COMMON_BLOCKS = YES;
				GCC_OPTIMIZATION_LEVEL = 0;
				GCC_PREPROCESSOR_DEFINITIONS = (
					"DEBUG=1",
					"$(inherited)",
				);
				GCC_WARN_64_TO_32_BIT_CONVERSION = YES;
				GCC_WARN_ABOUT_RETURN_TYPE = YES_ERROR;
				GCC_WARN_UNDECLARED_SELECTOR = YES;
				GCC_WARN_UNINITIALIZED_AUTOS = YES_AGGRESSIVE;
				GCC_WARN_UNUSED_FUNCTION = YES;
				GCC_WARN_UNUSED_VARIABLE = YES;
				IPHONEOS_DEPLOYMENT_TARGET = 10.2;
				MTL_ENABLE_DEBUG_INFO = YES;
				ONLY_ACTIVE_ARCH = YES;
				SDKROOT = iphoneos;
				SWIFT_ACTIVE_COMPILATION_CONDITIONS = DEBUG;
				SWIFT_OPTIMIZATION_LEVEL = "-Onone";
				TARGETED_DEVICE_FAMILY = "1,2";
			};
			name = Debug;
		};
		4F65BBCE1E6C749C0020C6C3 /* Release */ = {
			isa = XCBuildConfiguration;
			buildSettings = {
				ALWAYS_SEARCH_USER_PATHS = NO;
				CLANG_ANALYZER_NONNULL = YES;
				CLANG_CXX_LANGUAGE_STANDARD = "gnu++0x";
				CLANG_CXX_LIBRARY = "libc++";
				CLANG_ENABLE_MODULES = YES;
				CLANG_ENABLE_OBJC_ARC = YES;
				CLANG_WARN_BOOL_CONVERSION = YES;
				CLANG_WARN_CONSTANT_CONVERSION = YES;
				CLANG_WARN_DIRECT_OBJC_ISA_USAGE = YES_ERROR;
				CLANG_WARN_DOCUMENTATION_COMMENTS = YES;
				CLANG_WARN_EMPTY_BODY = YES;
				CLANG_WARN_ENUM_CONVERSION = YES;
				CLANG_WARN_INFINITE_RECURSION = YES;
				CLANG_WARN_INT_CONVERSION = YES;
				CLANG_WARN_OBJC_ROOT_CLASS = YES_ERROR;
				CLANG_WARN_SUSPICIOUS_MOVE = YES;
				CLANG_WARN_UNREACHABLE_CODE = YES;
				CLANG_WARN__DUPLICATE_METHOD_MATCH = YES;
				"CODE_SIGN_IDENTITY[sdk=iphoneos*]" = "iPhone Developer";
				COPY_PHASE_STRIP = NO;
				DEBUG_INFORMATION_FORMAT = "dwarf-with-dsym";
				ENABLE_NS_ASSERTIONS = NO;
				ENABLE_STRICT_OBJC_MSGSEND = YES;
				GCC_C_LANGUAGE_STANDARD = gnu99;
				GCC_NO_COMMON_BLOCKS = YES;
				GCC_WARN_64_TO_32_BIT_CONVERSION = YES;
				GCC_WARN_ABOUT_RETURN_TYPE = YES_ERROR;
				GCC_WARN_UNDECLARED_SELECTOR = YES;
				GCC_WARN_UNINITIALIZED_AUTOS = YES_AGGRESSIVE;
				GCC_WARN_UNUSED_FUNCTION = YES;
				GCC_WARN_UNUSED_VARIABLE = YES;
				IPHONEOS_DEPLOYMENT_TARGET = 10.2;
				MTL_ENABLE_DEBUG_INFO = NO;
				SDKROOT = iphoneos;
				SWIFT_OPTIMIZATION_LEVEL = "-Owholemodule";
				TARGETED_DEVICE_FAMILY = "1,2";
				VALIDATE_PRODUCT = YES;
			};
			name = Release;
		};
		4F65BBD01E6C749C0020C6C3 /* Debug */ = {
			isa = XCBuildConfiguration;
			buildSettings = {
				ASSETCATALOG_COMPILER_APPICON_NAME = AppIcon;
				DEVELOPMENT_TEAM = 963UXK3MCT;
				INFOPLIST_FILE = "scroll-view/Info.plist";
				LD_RUNPATH_SEARCH_PATHS = "$(inherited) @executable_path/Frameworks";
				PRODUCT_BUNDLE_IDENTIFIER = "Paul-DeFilippi.scroll-view";
				PRODUCT_NAME = "$(TARGET_NAME)";
				SWIFT_VERSION = 3.0;
			};
			name = Debug;
		};
		4F65BBD11E6C749C0020C6C3 /* Release */ = {
			isa = XCBuildConfiguration;
			buildSettings = {
				ASSETCATALOG_COMPILER_APPICON_NAME = AppIcon;
				DEVELOPMENT_TEAM = 963UXK3MCT;
				INFOPLIST_FILE = "scroll-view/Info.plist";
				LD_RUNPATH_SEARCH_PATHS = "$(inherited) @executable_path/Frameworks";
				PRODUCT_BUNDLE_IDENTIFIER = "Paul-DeFilippi.scroll-view";
				PRODUCT_NAME = "$(TARGET_NAME)";
				SWIFT_VERSION = 3.0;
			};
			name = Release;
		};
/* End XCBuildConfiguration section */

/* Begin XCConfigurationList section */
		4F65BBB81E6C749C0020C6C3 /* Build configuration list for PBXProject "scroll-view" */ = {
			isa = XCConfigurationList;
			buildConfigurations = (
				4F65BBCD1E6C749C0020C6C3 /* Debug */,
				4F65BBCE1E6C749C0020C6C3 /* Release */,
			);
			defaultConfigurationIsVisible = 0;
			defaultConfigurationName = Release;
		};
		4F65BBCF1E6C749C0020C6C3 /* Build configuration list for PBXNativeTarget "scroll-view" */ = {
			isa = XCConfigurationList;
			buildConfigurations = (
				4F65BBD01E6C749C0020C6C3 /* Debug */,
				4F65BBD11E6C749C0020C6C3 /* Release */,
			);
			defaultConfigurationIsVisible = 0;
		};
/* End XCConfigurationList section */
	};
	rootObject = 4F65BBB51E6C749C0020C6C3 /* Project object */;
}
